{
  "name": "ng-eventstore-listing",
  "version": "0.1.15-alpha.14",
  "lockfileVersion": 1,
  "requires": true,
  "dependencies": {
    "file-saver": {
      "version": "2.0.2",
      "resolved": "https://registry.npmjs.org/file-saver/-/file-saver-2.0.2.tgz",
      "integrity": "sha512-Wz3c3XQ5xroCxd1G8b7yL0Ehkf0TC9oYC6buPFkNnU9EnaPlifeAFCyCh+iewXTyFRcg0a6j3J7FmJsIhlhBdw=="
    },
    "immutable": {
      "version": "4.0.0-rc.12",
      "resolved": "https://registry.npmjs.org/immutable/-/immutable-4.0.0-rc.12.tgz",
      "integrity": "sha512-0M2XxkZLx/mi3t8NVwIm1g8nHoEmM9p9UBl/G9k4+hm0kBgOVdMV/B3CY5dQ8qG8qc80NN4gDV4HQv6FTJ5q7A=="
    },
    "lodash-es": {
      "version": "4.17.15",
      "resolved": "https://registry.npmjs.org/lodash-es/-/lodash-es-4.17.15.tgz",
      "integrity": "sha512-rlrc3yU3+JNOpZ9zj5pQtxnx2THmvRykwL4Xlxoa8I9lHBlVbbyPhgyPMioxVZ4NqyxaVVtaJnzsyOidQIhyyQ=="
    },
    "moment-mini-ts": {
      "version": "2.20.1",
      "resolved": "https://registry.npmjs.org/moment-mini-ts/-/moment-mini-ts-2.20.1.tgz",
      "integrity": "sha512-X8CHo8rq0ZgyGFvqc117uc8JJzAQPBzFj9ExEP/ei7Lcvv7iyEQp5m1JTv7l1EtleQbbKfwXmy2FQNBcmorLzA=="
    }
  }
}
